
Microsoft Visual Studio Solution File, Format Version 12.00
# Visual Studio 2013
VisualStudioVersion = 12.0.40629.0
MinimumVisualStudioVersion = 10.0.40219.1
Project("{FAE04EC0-301F-11D3-BF4B-00C04F79EFBC}") = "AngularDemo", "AngularDemo\AngularDemo.csproj", "{039ED95B-5C45-447E-8BFD-56BB36533FCD}"
EndProject
Project("{FAE04EC0-301F-11D3-BF4B-00C04F79EFBC}") = "WebApi2Angular", "WebApi2Angular\WebApi2Angular.csproj", "{B650E57E-9235-40C4-A54A-A7454B92E99E}"
EndProject
Global
	GlobalSection(SolutionConfigurationPlatforms) = preSolution
		Debug|Any CPU = Debug|Any CPU
		Release|Any CPU = Release|Any CPU
	EndGlobalSection
	GlobalSection(ProjectConfigurationPlatforms) = postSolution
		{039ED95B-5C45-447E-8BFD-56BB36533FCD}.Debug|Any CPU.ActiveCfg = Debug|Any CPU
		{039ED95B-5C45-447E-8BFD-56BB36533FCD}.Debug|Any CPU.Build.0 = Debug|Any CPU
		{039ED95B-5C45-447E-8BFD-56BB36533FCD}.Release|Any CPU.ActiveCfg = Release|Any CPU
		{039ED95B-5C45-447E-8BFD-56BB36533FCD}.Release|Any CPU.Build.0 = Release|Any CPU
		{B650E57E-9235-40C4-A54A-A7454B92E99E}.Debug|Any CPU.ActiveCfg = Debug|Any CPU
		{B650E57E-9235-40C4-A54A-A7454B92E99E}.Debug|Any CPU.Build.0 = Debug|Any CPU
		{B650E57E-9235-40C4-A54A-A7454B92E99E}.Release|Any CPU.ActiveCfg = Release|Any CPU
		{B650E57E-9235-40C4-A54A-A7454B92E99E}.Release|Any CPU.Build.0 = Release|Any CPU
	EndGlobalSection
	GlobalSection(SolutionProperties) = preSolution
		HideSolutionNode = FALSE
	EndGlobalSection
EndGlobal
